
Microsoft Visual Studio Solution File, Format Version 12.00
# Visual Studio Version 17
VisualStudioVersion = 17.3.32825.248
MinimumVisualStudioVersion = 10.0.40219.1
Project("{FAE04EC0-301F-11D3-BF4B-00C04F79EFBC}") = "DAL", "DAL\DAL.csproj", "{80E81CC7-2A8C-4E3E-A138-7ECB2412AC3B}"
EndProject
Project("{FAE04EC0-301F-11D3-BF4B-00C04F79EFBC}") = "OppEntry", "OppEntry\OppEntry.csproj", "{2024E95B-7595-43B0-8330-30C0F00CC096}"
EndProject
Project("{FAE04EC0-301F-11D3-BF4B-00C04F79EFBC}") = "Emailing", "Emailing\Emailing.csproj", "{3204A6B4-2CB3-4679-A323-857D2069786F}"
EndProject
Project("{FAE04EC0-301F-11D3-BF4B-00C04F79EFBC}") = "AvailStatusEmailer", "AvailStatusEmailer\AvailStatusEmailer.csproj", "{EDF40B8D-8038-4C6B-8CF9-B5795BA96184}"
EndProject
Project("{9A19103F-16F7-4668-BE54-9A1E7A4F7556}") = "Emailer3", "Emailer3\Emailer3.csproj", "{5CEC65E3-8177-49A2-9C36-2E52EFD1518C}"
EndProject
Project("{9A19103F-16F7-4668-BE54-9A1E7A4F7556}") = "Emailer3_DI_ConsoleApp", "Emailer3_DI_ConsoleApp\Emailer3_DI_ConsoleApp.csproj", "{227383AF-C512-4F99-8F79-A394F7B555D8}"
EndProject
Project("{9A19103F-16F7-4668-BE54-9A1E7A4F7556}") = "Emailer3_DI_WebApp", "Emailer3_DI_WebApp\Emailer3_DI_WebApp.csproj", "{828AAFF4-1D5C-4E00-B8C3-AC8E6E82CE2C}"
EndProject
Project("{2150E333-8FDC-42A3-9474-1A3956D46DE8}") = ".NET Core DI", ".NET Core DI", "{E895492D-A15B-4A1C-BFB8-C291792D4839}"
EndProject
Project("{FAE04EC0-301F-11D3-BF4B-00C04F79EFBC}") = "Db.QStats", "Db.QStats\Db.QStats.csproj", "{54BD5D24-3421-47C3-AF55-D88A4AF38D63}"
EndProject
Project("{9A19103F-16F7-4668-BE54-9A1E7A4F7556}") = "AAV.Sys", "..\..\..\AAV.Shared\Src\Net6.0\AAV.Sys\AAV.Sys.csproj", "{7139DA94-B8F6-45A2-A292-319C5DD1F66C}"
EndProject
Project("{FAE04EC0-301F-11D3-BF4B-00C04F79EFBC}") = "AAV.WPF.4.8", "..\..\..\AAV.Shared\Src\Net4.8\AAV.WPF\AAV.WPF.4.8.csproj", "{DF459A59-5C58-4930-AB44-9B3D6E36CD98}"
EndProject
Project("{2150E333-8FDC-42A3-9474-1A3956D46DE8}") = ".NET6", ".NET6", "{1A78CA5B-288D-4F4D-9EC9-7E051AD20420}"
EndProject
Project("{9A19103F-16F7-4668-BE54-9A1E7A4F7556}") = "DB.QStats.Std", "DB.QStats.Std\DB.QStats.Std.csproj", "{C2F3EBE0-87E8-4A18-AEA0-224C59D0C373}"
EndProject
Project("{9A19103F-16F7-4668-BE54-9A1E7A4F7556}") = "DB.QStats.PwrT", "DB.QStats.PwrT\DB.QStats.PwrT.csproj", "{1BAF830E-7134-4E78-9E97-CBF1D852517D}"
EndProject
Project("{FAE04EC0-301F-11D3-BF4B-00C04F79EFBC}") = "GigaHunt", "GigaHunt\GigaHunt.csproj", "{80AC26EA-F04A-471D-8A5D-39C016EEE0BF}"
EndProject
Global
	GlobalSection(SolutionConfigurationPlatforms) = preSolution
		Debug|Any CPU = Debug|Any CPU
		Debug|Mixed Platforms = Debug|Mixed Platforms
		Debug|x64 = Debug|x64
		Debug|x86 = Debug|x86
		Release|Any CPU = Release|Any CPU
		Release|Mixed Platforms = Release|Mixed Platforms
		Release|x64 = Release|x64
		Release|x86 = Release|x86
		Release64|Any CPU = Release64|Any CPU
		Release64|Mixed Platforms = Release64|Mixed Platforms
		Release64|x64 = Release64|x64
		Release64|x86 = Release64|x86
	EndGlobalSection
	GlobalSection(ProjectConfigurationPlatforms) = postSolution
		{80E81CC7-2A8C-4E3E-A138-7ECB2412AC3B}.Debug|Any CPU.ActiveCfg = Debug|Any CPU
		{80E81CC7-2A8C-4E3E-A138-7ECB2412AC3B}.Debug|Any CPU.Build.0 = Debug|Any CPU
		{80E81CC7-2A8C-4E3E-A138-7ECB2412AC3B}.Debug|Mixed Platforms.ActiveCfg = Debug|x86
		{80E81CC7-2A8C-4E3E-A138-7ECB2412AC3B}.Debug|Mixed Platforms.Build.0 = Debug|x86
		{80E81CC7-2A8C-4E3E-A138-7ECB2412AC3B}.Debug|x64.ActiveCfg = Debug|x64
		{80E81CC7-2A8C-4E3E-A138-7ECB2412AC3B}.Debug|x64.Build.0 = Debug|x64
		{80E81CC7-2A8C-4E3E-A138-7ECB2412AC3B}.Debug|x86.ActiveCfg = Debug|x86
		{80E81CC7-2A8C-4E3E-A138-7ECB2412AC3B}.Debug|x86.Build.0 = Debug|x86
		{80E81CC7-2A8C-4E3E-A138-7ECB2412AC3B}.Release|Any CPU.ActiveCfg = Release|Any CPU
		{80E81CC7-2A8C-4E3E-A138-7ECB2412AC3B}.Release|Any CPU.Build.0 = Release|Any CPU
		{80E81CC7-2A8C-4E3E-A138-7ECB2412AC3B}.Release|Mixed Platforms.ActiveCfg = Release|x86
		{80E81CC7-2A8C-4E3E-A138-7ECB2412AC3B}.Release|Mixed Platforms.Build.0 = Release|x86
		{80E81CC7-2A8C-4E3E-A138-7ECB2412AC3B}.Release|x64.ActiveCfg = Release|x64
		{80E81CC7-2A8C-4E3E-A138-7ECB2412AC3B}.Release|x64.Build.0 = Release|x64
		{80E81CC7-2A8C-4E3E-A138-7ECB2412AC3B}.Release|x86.ActiveCfg = Release|x86
		{80E81CC7-2A8C-4E3E-A138-7ECB2412AC3B}.Release|x86.Build.0 = Release|x86
		{80E81CC7-2A8C-4E3E-A138-7ECB2412AC3B}.Release64|Any CPU.ActiveCfg = Release64|Any CPU
		{80E81CC7-2A8C-4E3E-A138-7ECB2412AC3B}.Release64|Any CPU.Build.0 = Release64|Any CPU
		{80E81CC7-2A8C-4E3E-A138-7ECB2412AC3B}.Release64|Mixed Platforms.ActiveCfg = Release64|x86
		{80E81CC7-2A8C-4E3E-A138-7ECB2412AC3B}.Release64|Mixed Platforms.Build.0 = Release64|x86
		{80E81CC7-2A8C-4E3E-A138-7ECB2412AC3B}.Release64|x64.ActiveCfg = Release64|x64
		{80E81CC7-2A8C-4E3E-A138-7ECB2412AC3B}.Release64|x64.Build.0 = Release64|x64
		{80E81CC7-2A8C-4E3E-A138-7ECB2412AC3B}.Release64|x86.ActiveCfg = Release64|x86
		{80E81CC7-2A8C-4E3E-A138-7ECB2412AC3B}.Release64|x86.Build.0 = Release64|x86
		{2024E95B-7595-43B0-8330-30C0F00CC096}.Debug|Any CPU.ActiveCfg = Debug|Any CPU
		{2024E95B-7595-43B0-8330-30C0F00CC096}.Debug|Any CPU.Build.0 = Debug|Any CPU
		{2024E95B-7595-43B0-8330-30C0F00CC096}.Debug|Mixed Platforms.ActiveCfg = Debug|x86
		{2024E95B-7595-43B0-8330-30C0F00CC096}.Debug|Mixed Platforms.Build.0 = Debug|x86
		{2024E95B-7595-43B0-8330-30C0F00CC096}.Debug|x64.ActiveCfg = Debug|x64
		{2024E95B-7595-43B0-8330-30C0F00CC096}.Debug|x86.ActiveCfg = Debug|x86
		{2024E95B-7595-43B0-8330-30C0F00CC096}.Debug|x86.Build.0 = Debug|x86
		{2024E95B-7595-43B0-8330-30C0F00CC096}.Release|Any CPU.ActiveCfg = Release|Any CPU
		{2024E95B-7595-43B0-8330-30C0F00CC096}.Release|Any CPU.Build.0 = Release|Any CPU
		{2024E95B-7595-43B0-8330-30C0F00CC096}.Release|Mixed Platforms.ActiveCfg = Release|x86
		{2024E95B-7595-43B0-8330-30C0F00CC096}.Release|Mixed Platforms.Build.0 = Release|x86
		{2024E95B-7595-43B0-8330-30C0F00CC096}.Release|x64.ActiveCfg = Release|x64
		{2024E95B-7595-43B0-8330-30C0F00CC096}.Release|x64.Build.0 = Release|x64
		{2024E95B-7595-43B0-8330-30C0F00CC096}.Release|x86.ActiveCfg = Release|x86
		{2024E95B-7595-43B0-8330-30C0F00CC096}.Release|x86.Build.0 = Release|x86
		{2024E95B-7595-43B0-8330-30C0F00CC096}.Release64|Any CPU.ActiveCfg = Release|Any CPU
		{2024E95B-7595-43B0-8330-30C0F00CC096}.Release64|Any CPU.Build.0 = Release|Any CPU
		{2024E95B-7595-43B0-8330-30C0F00CC096}.Release64|Mixed Platforms.ActiveCfg = Release|x86
		{2024E95B-7595-43B0-8330-30C0F00CC096}.Release64|Mixed Platforms.Build.0 = Release|x86
		{2024E95B-7595-43B0-8330-30C0F00CC096}.Release64|x64.ActiveCfg = Release|Any CPU
		{2024E95B-7595-43B0-8330-30C0F00CC096}.Release64|x86.ActiveCfg = Release|x86
		{2024E95B-7595-43B0-8330-30C0F00CC096}.Release64|x86.Build.0 = Release|x86
		{3204A6B4-2CB3-4679-A323-857D2069786F}.Debug|Any CPU.ActiveCfg = Debug|Any CPU
		{3204A6B4-2CB3-4679-A323-857D2069786F}.Debug|Any CPU.Build.0 = Debug|Any CPU
		{3204A6B4-2CB3-4679-A323-857D2069786F}.Debug|Mixed Platforms.ActiveCfg = Debug|x86
		{3204A6B4-2CB3-4679-A323-857D2069786F}.Debug|Mixed Platforms.Build.0 = Debug|x86
		{3204A6B4-2CB3-4679-A323-857D2069786F}.Debug|x64.ActiveCfg = Debug|x64
		{3204A6B4-2CB3-4679-A323-857D2069786F}.Debug|x64.Build.0 = Debug|x64
		{3204A6B4-2CB3-4679-A323-857D2069786F}.Debug|x86.ActiveCfg = Debug|x86
		{3204A6B4-2CB3-4679-A323-857D2069786F}.Debug|x86.Build.0 = Debug|x86
		{3204A6B4-2CB3-4679-A323-857D2069786F}.Release|Any CPU.ActiveCfg = Release|Any CPU
		{3204A6B4-2CB3-4679-A323-857D2069786F}.Release|Any CPU.Build.0 = Release|Any CPU
		{3204A6B4-2CB3-4679-A323-857D2069786F}.Release|Mixed Platforms.ActiveCfg = Release|x86
		{3204A6B4-2CB3-4679-A323-857D2069786F}.Release|Mixed Platforms.Build.0 = Release|x86
		{3204A6B4-2CB3-4679-A323-857D2069786F}.Release|x64.ActiveCfg = Release|x64
		{3204A6B4-2CB3-4679-A323-857D2069786F}.Release|x64.Build.0 = Release|x64
		{3204A6B4-2CB3-4679-A323-857D2069786F}.Release|x86.ActiveCfg = Release|x86
		{3204A6B4-2CB3-4679-A323-857D2069786F}.Release|x86.Build.0 = Release|x86
		{3204A6B4-2CB3-4679-A323-857D2069786F}.Release64|Any CPU.ActiveCfg = Release|Any CPU
		{3204A6B4-2CB3-4679-A323-857D2069786F}.Release64|Any CPU.Build.0 = Release|Any CPU
		{3204A6B4-2CB3-4679-A323-857D2069786F}.Release64|Mixed Platforms.ActiveCfg = Release|x86
		{3204A6B4-2CB3-4679-A323-857D2069786F}.Release64|Mixed Platforms.Build.0 = Release|x86
		{3204A6B4-2CB3-4679-A323-857D2069786F}.Release64|x64.ActiveCfg = Release|Any CPU
		{3204A6B4-2CB3-4679-A323-857D2069786F}.Release64|x64.Build.0 = Release|Any CPU
		{3204A6B4-2CB3-4679-A323-857D2069786F}.Release64|x86.ActiveCfg = Release|x86
		{3204A6B4-2CB3-4679-A323-857D2069786F}.Release64|x86.Build.0 = Release|x86
		{EDF40B8D-8038-4C6B-8CF9-B5795BA96184}.Debug|Any CPU.ActiveCfg = Debug|Any CPU
		{EDF40B8D-8038-4C6B-8CF9-B5795BA96184}.Debug|Any CPU.Build.0 = Debug|Any CPU
		{EDF40B8D-8038-4C6B-8CF9-B5795BA96184}.Debug|Mixed Platforms.ActiveCfg = Debug|Any CPU
		{EDF40B8D-8038-4C6B-8CF9-B5795BA96184}.Debug|Mixed Platforms.Build.0 = Debug|Any CPU
		{EDF40B8D-8038-4C6B-8CF9-B5795BA96184}.Debug|x64.ActiveCfg = Debug|x64
		{EDF40B8D-8038-4C6B-8CF9-B5795BA96184}.Debug|x64.Build.0 = Debug|x64
		{EDF40B8D-8038-4C6B-8CF9-B5795BA96184}.Debug|x86.ActiveCfg = Debug|x86
		{EDF40B8D-8038-4C6B-8CF9-B5795BA96184}.Debug|x86.Build.0 = Debug|x86
		{EDF40B8D-8038-4C6B-8CF9-B5795BA96184}.Release|Any CPU.ActiveCfg = Release|Any CPU
		{EDF40B8D-8038-4C6B-8CF9-B5795BA96184}.Release|Any CPU.Build.0 = Release|Any CPU
		{EDF40B8D-8038-4C6B-8CF9-B5795BA96184}.Release|Mixed Platforms.ActiveCfg = Release|Any CPU
		{EDF40B8D-8038-4C6B-8CF9-B5795BA96184}.Release|Mixed Platforms.Build.0 = Release|Any CPU
		{EDF40B8D-8038-4C6B-8CF9-B5795BA96184}.Release|x64.ActiveCfg = Release|x64
		{EDF40B8D-8038-4C6B-8CF9-B5795BA96184}.Release|x64.Build.0 = Release|x64
		{EDF40B8D-8038-4C6B-8CF9-B5795BA96184}.Release|x86.ActiveCfg = Release|x86
		{EDF40B8D-8038-4C6B-8CF9-B5795BA96184}.Release|x86.Build.0 = Release|x86
		{EDF40B8D-8038-4C6B-8CF9-B5795BA96184}.Release64|Any CPU.ActiveCfg = Release|Any CPU
		{EDF40B8D-8038-4C6B-8CF9-B5795BA96184}.Release64|Any CPU.Build.0 = Release|Any CPU
		{EDF40B8D-8038-4C6B-8CF9-B5795BA96184}.Release64|Mixed Platforms.ActiveCfg = Release|Any CPU
		{EDF40B8D-8038-4C6B-8CF9-B5795BA96184}.Release64|Mixed Platforms.Build.0 = Release|Any CPU
		{EDF40B8D-8038-4C6B-8CF9-B5795BA96184}.Release64|x64.ActiveCfg = Release|x64
		{EDF40B8D-8038-4C6B-8CF9-B5795BA96184}.Release64|x64.Build.0 = Release|x64
		{EDF40B8D-8038-4C6B-8CF9-B5795BA96184}.Release64|x86.ActiveCfg = Release|Any CPU
		{5CEC65E3-8177-49A2-9C36-2E52EFD1518C}.Debug|Any CPU.ActiveCfg = Debug|Any CPU
		{5CEC65E3-8177-49A2-9C36-2E52EFD1518C}.Debug|Any CPU.Build.0 = Debug|Any CPU
		{5CEC65E3-8177-49A2-9C36-2E52EFD1518C}.Debug|Mixed Platforms.ActiveCfg = Debug|Any CPU
		{5CEC65E3-8177-49A2-9C36-2E52EFD1518C}.Debug|Mixed Platforms.Build.0 = Debug|Any CPU
		{5CEC65E3-8177-49A2-9C36-2E52EFD1518C}.Debug|x64.ActiveCfg = Debug|x64
		{5CEC65E3-8177-49A2-9C36-2E52EFD1518C}.Debug|x64.Build.0 = Debug|x64
		{5CEC65E3-8177-49A2-9C36-2E52EFD1518C}.Debug|x86.ActiveCfg = Debug|Any CPU
		{5CEC65E3-8177-49A2-9C36-2E52EFD1518C}.Debug|x86.Build.0 = Debug|Any CPU
		{5CEC65E3-8177-49A2-9C36-2E52EFD1518C}.Release|Any CPU.ActiveCfg = Release|Any CPU
		{5CEC65E3-8177-49A2-9C36-2E52EFD1518C}.Release|Any CPU.Build.0 = Release|Any CPU
		{5CEC65E3-8177-49A2-9C36-2E52EFD1518C}.Release|Mixed Platforms.ActiveCfg = Release|Any CPU
		{5CEC65E3-8177-49A2-9C36-2E52EFD1518C}.Release|Mixed Platforms.Build.0 = Release|Any CPU
		{5CEC65E3-8177-49A2-9C36-2E52EFD1518C}.Release|x64.ActiveCfg = Release|x64
		{5CEC65E3-8177-49A2-9C36-2E52EFD1518C}.Release|x86.ActiveCfg = Release|Any CPU
		{5CEC65E3-8177-49A2-9C36-2E52EFD1518C}.Release|x86.Build.0 = Release|Any CPU
		{5CEC65E3-8177-49A2-9C36-2E52EFD1518C}.Release64|Any CPU.ActiveCfg = Release|Any CPU
		{5CEC65E3-8177-49A2-9C36-2E52EFD1518C}.Release64|Any CPU.Build.0 = Release|Any CPU
		{5CEC65E3-8177-49A2-9C36-2E52EFD1518C}.Release64|Mixed Platforms.ActiveCfg = Release|Any CPU
		{5CEC65E3-8177-49A2-9C36-2E52EFD1518C}.Release64|Mixed Platforms.Build.0 = Release|Any CPU
		{5CEC65E3-8177-49A2-9C36-2E52EFD1518C}.Release64|x64.ActiveCfg = Release|Any CPU
		{5CEC65E3-8177-49A2-9C36-2E52EFD1518C}.Release64|x64.Build.0 = Release|Any CPU
		{5CEC65E3-8177-49A2-9C36-2E52EFD1518C}.Release64|x86.ActiveCfg = Release|Any CPU
		{5CEC65E3-8177-49A2-9C36-2E52EFD1518C}.Release64|x86.Build.0 = Release|Any CPU
		{227383AF-C512-4F99-8F79-A394F7B555D8}.Debug|Any CPU.ActiveCfg = Debug|Any CPU
		{227383AF-C512-4F99-8F79-A394F7B555D8}.Debug|Any CPU.Build.0 = Debug|Any CPU
		{227383AF-C512-4F99-8F79-A394F7B555D8}.Debug|Mixed Platforms.ActiveCfg = Debug|Any CPU
		{227383AF-C512-4F99-8F79-A394F7B555D8}.Debug|Mixed Platforms.Build.0 = Debug|Any CPU
		{227383AF-C512-4F99-8F79-A394F7B555D8}.Debug|x64.ActiveCfg = Debug|x64
		{227383AF-C512-4F99-8F79-A394F7B555D8}.Debug|x64.Build.0 = Debug|x64
		{227383AF-C512-4F99-8F79-A394F7B555D8}.Debug|x86.ActiveCfg = Debug|Any CPU
		{227383AF-C512-4F99-8F79-A394F7B555D8}.Debug|x86.Build.0 = Debug|Any CPU
		{227383AF-C512-4F99-8F79-A394F7B555D8}.Release|Any CPU.ActiveCfg = Release|Any CPU
		{227383AF-C512-4F99-8F79-A394F7B555D8}.Release|Any CPU.Build.0 = Release|Any CPU
		{227383AF-C512-4F99-8F79-A394F7B555D8}.Release|Mixed Platforms.ActiveCfg = Release|Any CPU
		{227383AF-C512-4F99-8F79-A394F7B555D8}.Release|Mixed Platforms.Build.0 = Release|Any CPU
		{227383AF-C512-4F99-8F79-A394F7B555D8}.Release|x64.ActiveCfg = Release|x64
		{227383AF-C512-4F99-8F79-A394F7B555D8}.Release|x86.ActiveCfg = Release|Any CPU
		{227383AF-C512-4F99-8F79-A394F7B555D8}.Release|x86.Build.0 = Release|Any CPU
		{227383AF-C512-4F99-8F79-A394F7B555D8}.Release64|Any CPU.ActiveCfg = Release|Any CPU
		{227383AF-C512-4F99-8F79-A394F7B555D8}.Release64|Any CPU.Build.0 = Release|Any CPU
		{227383AF-C512-4F99-8F79-A394F7B555D8}.Release64|Mixed Platforms.ActiveCfg = Release|Any CPU
		{227383AF-C512-4F99-8F79-A394F7B555D8}.Release64|Mixed Platforms.Build.0 = Release|Any CPU
		{227383AF-C512-4F99-8F79-A394F7B555D8}.Release64|x64.ActiveCfg = Release|Any CPU
		{227383AF-C512-4F99-8F79-A394F7B555D8}.Release64|x64.Build.0 = Release|Any CPU
		{227383AF-C512-4F99-8F79-A394F7B555D8}.Release64|x86.ActiveCfg = Release|Any CPU
		{227383AF-C512-4F99-8F79-A394F7B555D8}.Release64|x86.Build.0 = Release|Any CPU
		{828AAFF4-1D5C-4E00-B8C3-AC8E6E82CE2C}.Debug|Any CPU.ActiveCfg = Debug|Any CPU
		{828AAFF4-1D5C-4E00-B8C3-AC8E6E82CE2C}.Debug|Any CPU.Build.0 = Debug|Any CPU
		{828AAFF4-1D5C-4E00-B8C3-AC8E6E82CE2C}.Debug|Mixed Platforms.ActiveCfg = Debug|Any CPU
		{828AAFF4-1D5C-4E00-B8C3-AC8E6E82CE2C}.Debug|Mixed Platforms.Build.0 = Debug|Any CPU
		{828AAFF4-1D5C-4E00-B8C3-AC8E6E82CE2C}.Debug|x64.ActiveCfg = Debug|x64
		{828AAFF4-1D5C-4E00-B8C3-AC8E6E82CE2C}.Debug|x64.Build.0 = Debug|x64
		{828AAFF4-1D5C-4E00-B8C3-AC8E6E82CE2C}.Debug|x86.ActiveCfg = Debug|Any CPU
		{828AAFF4-1D5C-4E00-B8C3-AC8E6E82CE2C}.Debug|x86.Build.0 = Debug|Any CPU
		{828AAFF4-1D5C-4E00-B8C3-AC8E6E82CE2C}.Release|Any CPU.ActiveCfg = Release|Any CPU
		{828AAFF4-1D5C-4E00-B8C3-AC8E6E82CE2C}.Release|Any CPU.Build.0 = Release|Any CPU
		{828AAFF4-1D5C-4E00-B8C3-AC8E6E82CE2C}.Release|Mixed Platforms.ActiveCfg = Release|Any CPU
		{828AAFF4-1D5C-4E00-B8C3-AC8E6E82CE2C}.Release|Mixed Platforms.Build.0 = Release|Any CPU
		{828AAFF4-1D5C-4E00-B8C3-AC8E6E82CE2C}.Release|x64.ActiveCfg = Release|x64
		{828AAFF4-1D5C-4E00-B8C3-AC8E6E82CE2C}.Release|x86.ActiveCfg = Release|Any CPU
		{828AAFF4-1D5C-4E00-B8C3-AC8E6E82CE2C}.Release|x86.Build.0 = Release|Any CPU
		{828AAFF4-1D5C-4E00-B8C3-AC8E6E82CE2C}.Release64|Any CPU.ActiveCfg = Release|Any CPU
		{828AAFF4-1D5C-4E00-B8C3-AC8E6E82CE2C}.Release64|Any CPU.Build.0 = Release|Any CPU
		{828AAFF4-1D5C-4E00-B8C3-AC8E6E82CE2C}.Release64|Mixed Platforms.ActiveCfg = Release|Any CPU
		{828AAFF4-1D5C-4E00-B8C3-AC8E6E82CE2C}.Release64|Mixed Platforms.Build.0 = Release|Any CPU
		{828AAFF4-1D5C-4E00-B8C3-AC8E6E82CE2C}.Release64|x64.ActiveCfg = Release|Any CPU
		{828AAFF4-1D5C-4E00-B8C3-AC8E6E82CE2C}.Release64|x64.Build.0 = Release|Any CPU
		{828AAFF4-1D5C-4E00-B8C3-AC8E6E82CE2C}.Release64|x86.ActiveCfg = Release|Any CPU
		{828AAFF4-1D5C-4E00-B8C3-AC8E6E82CE2C}.Release64|x86.Build.0 = Release|Any CPU
		{54BD5D24-3421-47C3-AF55-D88A4AF38D63}.Debug|Any CPU.ActiveCfg = Debug|Any CPU
		{54BD5D24-3421-47C3-AF55-D88A4AF38D63}.Debug|Any CPU.Build.0 = Debug|Any CPU
		{54BD5D24-3421-47C3-AF55-D88A4AF38D63}.Debug|Mixed Platforms.ActiveCfg = Debug|x86
		{54BD5D24-3421-47C3-AF55-D88A4AF38D63}.Debug|Mixed Platforms.Build.0 = Debug|x86
		{54BD5D24-3421-47C3-AF55-D88A4AF38D63}.Debug|x64.ActiveCfg = Debug|x64
		{54BD5D24-3421-47C3-AF55-D88A4AF38D63}.Debug|x64.Build.0 = Debug|x64
		{54BD5D24-3421-47C3-AF55-D88A4AF38D63}.Debug|x86.ActiveCfg = Debug|x86
		{54BD5D24-3421-47C3-AF55-D88A4AF38D63}.Debug|x86.Build.0 = Debug|x86
		{54BD5D24-3421-47C3-AF55-D88A4AF38D63}.Release|Any CPU.ActiveCfg = Release|Any CPU
		{54BD5D24-3421-47C3-AF55-D88A4AF38D63}.Release|Any CPU.Build.0 = Release|Any CPU
		{54BD5D24-3421-47C3-AF55-D88A4AF38D63}.Release|Mixed Platforms.ActiveCfg = Release|x86
		{54BD5D24-3421-47C3-AF55-D88A4AF38D63}.Release|Mixed Platforms.Build.0 = Release|x86
		{54BD5D24-3421-47C3-AF55-D88A4AF38D63}.Release|x64.ActiveCfg = Release|x64
		{54BD5D24-3421-47C3-AF55-D88A4AF38D63}.Release|x64.Build.0 = Release|x64
		{54BD5D24-3421-47C3-AF55-D88A4AF38D63}.Release|x86.ActiveCfg = Release|x86
		{54BD5D24-3421-47C3-AF55-D88A4AF38D63}.Release|x86.Build.0 = Release|x86
		{54BD5D24-3421-47C3-AF55-D88A4AF38D63}.Release64|Any CPU.ActiveCfg = Release|Any CPU
		{54BD5D24-3421-47C3-AF55-D88A4AF38D63}.Release64|Any CPU.Build.0 = Release|Any CPU
		{54BD5D24-3421-47C3-AF55-D88A4AF38D63}.Release64|Mixed Platforms.ActiveCfg = Release|x86
		{54BD5D24-3421-47C3-AF55-D88A4AF38D63}.Release64|Mixed Platforms.Build.0 = Release|x86
		{54BD5D24-3421-47C3-AF55-D88A4AF38D63}.Release64|x64.ActiveCfg = Release|x64
		{54BD5D24-3421-47C3-AF55-D88A4AF38D63}.Release64|x64.Build.0 = Release|x64
		{54BD5D24-3421-47C3-AF55-D88A4AF38D63}.Release64|x86.ActiveCfg = Release|x86
		{54BD5D24-3421-47C3-AF55-D88A4AF38D63}.Release64|x86.Build.0 = Release|x86
		{7139DA94-B8F6-45A2-A292-319C5DD1F66C}.Debug|Any CPU.ActiveCfg = Debug|Any CPU
		{7139DA94-B8F6-45A2-A292-319C5DD1F66C}.Debug|Any CPU.Build.0 = Debug|Any CPU
		{7139DA94-B8F6-45A2-A292-319C5DD1F66C}.Debug|Mixed Platforms.ActiveCfg = Debug|Any CPU
		{7139DA94-B8F6-45A2-A292-319C5DD1F66C}.Debug|Mixed Platforms.Build.0 = Debug|Any CPU
		{7139DA94-B8F6-45A2-A292-319C5DD1F66C}.Debug|x64.ActiveCfg = Debug|x64
		{7139DA94-B8F6-45A2-A292-319C5DD1F66C}.Debug|x64.Build.0 = Debug|x64
		{7139DA94-B8F6-45A2-A292-319C5DD1F66C}.Debug|x86.ActiveCfg = Debug|Any CPU
		{7139DA94-B8F6-45A2-A292-319C5DD1F66C}.Debug|x86.Build.0 = Debug|Any CPU
		{7139DA94-B8F6-45A2-A292-319C5DD1F66C}.Release|Any CPU.ActiveCfg = Release|Any CPU
		{7139DA94-B8F6-45A2-A292-319C5DD1F66C}.Release|Any CPU.Build.0 = Release|Any CPU
		{7139DA94-B8F6-45A2-A292-319C5DD1F66C}.Release|Mixed Platforms.ActiveCfg = Release|Any CPU
		{7139DA94-B8F6-45A2-A292-319C5DD1F66C}.Release|Mixed Platforms.Build.0 = Release|Any CPU
		{7139DA94-B8F6-45A2-A292-319C5DD1F66C}.Release|x64.ActiveCfg = Release|x64
		{7139DA94-B8F6-45A2-A292-319C5DD1F66C}.Release|x64.Build.0 = Release|x64
		{7139DA94-B8F6-45A2-A292-319C5DD1F66C}.Release|x86.ActiveCfg = Release|Any CPU
		{7139DA94-B8F6-45A2-A292-319C5DD1F66C}.Release|x86.Build.0 = Release|Any CPU
		{7139DA94-B8F6-45A2-A292-319C5DD1F66C}.Release64|Any CPU.ActiveCfg = Release|Any CPU
		{7139DA94-B8F6-45A2-A292-319C5DD1F66C}.Release64|Any CPU.Build.0 = Release|Any CPU
		{7139DA94-B8F6-45A2-A292-319C5DD1F66C}.Release64|Mixed Platforms.ActiveCfg = Release|Any CPU
		{7139DA94-B8F6-45A2-A292-319C5DD1F66C}.Release64|Mixed Platforms.Build.0 = Release|Any CPU
		{7139DA94-B8F6-45A2-A292-319C5DD1F66C}.Release64|x64.ActiveCfg = Release|x64
		{7139DA94-B8F6-45A2-A292-319C5DD1F66C}.Release64|x64.Build.0 = Release|x64
		{7139DA94-B8F6-45A2-A292-319C5DD1F66C}.Release64|x86.ActiveCfg = Release|Any CPU
		{7139DA94-B8F6-45A2-A292-319C5DD1F66C}.Release64|x86.Build.0 = Release|Any CPU
		{DF459A59-5C58-4930-AB44-9B3D6E36CD98}.Debug|Any CPU.ActiveCfg = Debug|Any CPU
		{DF459A59-5C58-4930-AB44-9B3D6E36CD98}.Debug|Any CPU.Build.0 = Debug|Any CPU
		{DF459A59-5C58-4930-AB44-9B3D6E36CD98}.Debug|Mixed Platforms.ActiveCfg = Debug|x86
		{DF459A59-5C58-4930-AB44-9B3D6E36CD98}.Debug|Mixed Platforms.Build.0 = Debug|x86
		{DF459A59-5C58-4930-AB44-9B3D6E36CD98}.Debug|x64.ActiveCfg = Debug|x64
		{DF459A59-5C58-4930-AB44-9B3D6E36CD98}.Debug|x64.Build.0 = Debug|x64
		{DF459A59-5C58-4930-AB44-9B3D6E36CD98}.Debug|x86.ActiveCfg = Debug|x86
		{DF459A59-5C58-4930-AB44-9B3D6E36CD98}.Debug|x86.Build.0 = Debug|x86
		{DF459A59-5C58-4930-AB44-9B3D6E36CD98}.Release|Any CPU.ActiveCfg = Release|Any CPU
		{DF459A59-5C58-4930-AB44-9B3D6E36CD98}.Release|Any CPU.Build.0 = Release|Any CPU
		{DF459A59-5C58-4930-AB44-9B3D6E36CD98}.Release|Mixed Platforms.ActiveCfg = Release|x86
		{DF459A59-5C58-4930-AB44-9B3D6E36CD98}.Release|Mixed Platforms.Build.0 = Release|x86
		{DF459A59-5C58-4930-AB44-9B3D6E36CD98}.Release|x64.ActiveCfg = Release|x64
		{DF459A59-5C58-4930-AB44-9B3D6E36CD98}.Release|x64.Build.0 = Release|x64
		{DF459A59-5C58-4930-AB44-9B3D6E36CD98}.Release|x86.ActiveCfg = Release|x86
		{DF459A59-5C58-4930-AB44-9B3D6E36CD98}.Release|x86.Build.0 = Release|x86
		{DF459A59-5C58-4930-AB44-9B3D6E36CD98}.Release64|Any CPU.ActiveCfg = Release|Any CPU
		{DF459A59-5C58-4930-AB44-9B3D6E36CD98}.Release64|Any CPU.Build.0 = Release|Any CPU
		{DF459A59-5C58-4930-AB44-9B3D6E36CD98}.Release64|Mixed Platforms.ActiveCfg = Release|x86
		{DF459A59-5C58-4930-AB44-9B3D6E36CD98}.Release64|Mixed Platforms.Build.0 = Release|x86
		{DF459A59-5C58-4930-AB44-9B3D6E36CD98}.Release64|x64.ActiveCfg = Release|x64
		{DF459A59-5C58-4930-AB44-9B3D6E36CD98}.Release64|x64.Build.0 = Release|x64
		{DF459A59-5C58-4930-AB44-9B3D6E36CD98}.Release64|x86.ActiveCfg = Release|x86
		{DF459A59-5C58-4930-AB44-9B3D6E36CD98}.Release64|x86.Build.0 = Release|x86
		{C2F3EBE0-87E8-4A18-AEA0-224C59D0C373}.Debug|Any CPU.ActiveCfg = Debug|Any CPU
		{C2F3EBE0-87E8-4A18-AEA0-224C59D0C373}.Debug|Any CPU.Build.0 = Debug|Any CPU
		{C2F3EBE0-87E8-4A18-AEA0-224C59D0C373}.Debug|Mixed Platforms.ActiveCfg = Debug|Any CPU
		{C2F3EBE0-87E8-4A18-AEA0-224C59D0C373}.Debug|Mixed Platforms.Build.0 = Debug|Any CPU
		{C2F3EBE0-87E8-4A18-AEA0-224C59D0C373}.Debug|x64.ActiveCfg = Debug|x64
		{C2F3EBE0-87E8-4A18-AEA0-224C59D0C373}.Debug|x64.Build.0 = Debug|x64
		{C2F3EBE0-87E8-4A18-AEA0-224C59D0C373}.Debug|x86.ActiveCfg = Debug|Any CPU
		{C2F3EBE0-87E8-4A18-AEA0-224C59D0C373}.Debug|x86.Build.0 = Debug|Any CPU
		{C2F3EBE0-87E8-4A18-AEA0-224C59D0C373}.Release|Any CPU.ActiveCfg = Release|Any CPU
		{C2F3EBE0-87E8-4A18-AEA0-224C59D0C373}.Release|Any CPU.Build.0 = Release|Any CPU
		{C2F3EBE0-87E8-4A18-AEA0-224C59D0C373}.Release|Mixed Platforms.ActiveCfg = Release|Any CPU
		{C2F3EBE0-87E8-4A18-AEA0-224C59D0C373}.Release|Mixed Platforms.Build.0 = Release|Any CPU
		{C2F3EBE0-87E8-4A18-AEA0-224C59D0C373}.Release|x64.ActiveCfg = Release|Any CPU
		{C2F3EBE0-87E8-4A18-AEA0-224C59D0C373}.Release|x64.Build.0 = Release|Any CPU
		{C2F3EBE0-87E8-4A18-AEA0-224C59D0C373}.Release|x86.ActiveCfg = Release|Any CPU
		{C2F3EBE0-87E8-4A18-AEA0-224C59D0C373}.Release|x86.Build.0 = Release|Any CPU
		{C2F3EBE0-87E8-4A18-AEA0-224C59D0C373}.Release64|Any CPU.ActiveCfg = Release|Any CPU
		{C2F3EBE0-87E8-4A18-AEA0-224C59D0C373}.Release64|Any CPU.Build.0 = Release|Any CPU
		{C2F3EBE0-87E8-4A18-AEA0-224C59D0C373}.Release64|Mixed Platforms.ActiveCfg = Release|Any CPU
		{C2F3EBE0-87E8-4A18-AEA0-224C59D0C373}.Release64|Mixed Platforms.Build.0 = Release|Any CPU
		{C2F3EBE0-87E8-4A18-AEA0-224C59D0C373}.Release64|x64.ActiveCfg = Release|Any CPU
		{C2F3EBE0-87E8-4A18-AEA0-224C59D0C373}.Release64|x64.Build.0 = Release|Any CPU
		{C2F3EBE0-87E8-4A18-AEA0-224C59D0C373}.Release64|x86.ActiveCfg = Release|Any CPU
		{C2F3EBE0-87E8-4A18-AEA0-224C59D0C373}.Release64|x86.Build.0 = Release|Any CPU
		{1BAF830E-7134-4E78-9E97-CBF1D852517D}.Debug|Any CPU.ActiveCfg = Debug|Any CPU
		{1BAF830E-7134-4E78-9E97-CBF1D852517D}.Debug|Any CPU.Build.0 = Debug|Any CPU
		{1BAF830E-7134-4E78-9E97-CBF1D852517D}.Debug|Mixed Platforms.ActiveCfg = Debug|Any CPU
		{1BAF830E-7134-4E78-9E97-CBF1D852517D}.Debug|Mixed Platforms.Build.0 = Debug|Any CPU
		{1BAF830E-7134-4E78-9E97-CBF1D852517D}.Debug|x64.ActiveCfg = Debug|x64
		{1BAF830E-7134-4E78-9E97-CBF1D852517D}.Debug|x64.Build.0 = Debug|x64
		{1BAF830E-7134-4E78-9E97-CBF1D852517D}.Debug|x86.ActiveCfg = Debug|Any CPU
		{1BAF830E-7134-4E78-9E97-CBF1D852517D}.Debug|x86.Build.0 = Debug|Any CPU
		{1BAF830E-7134-4E78-9E97-CBF1D852517D}.Release|Any CPU.ActiveCfg = Release|Any CPU
		{1BAF830E-7134-4E78-9E97-CBF1D852517D}.Release|Any CPU.Build.0 = Release|Any CPU
		{1BAF830E-7134-4E78-9E97-CBF1D852517D}.Release|Mixed Platforms.ActiveCfg = Release|Any CPU
		{1BAF830E-7134-4E78-9E97-CBF1D852517D}.Release|Mixed Platforms.Build.0 = Release|Any CPU
		{1BAF830E-7134-4E78-9E97-CBF1D852517D}.Release|x64.ActiveCfg = Release|Any CPU
		{1BAF830E-7134-4E78-9E97-CBF1D852517D}.Release|x64.Build.0 = Release|Any CPU
		{1BAF830E-7134-4E78-9E97-CBF1D852517D}.Release|x86.ActiveCfg = Release|Any CPU
		{1BAF830E-7134-4E78-9E97-CBF1D852517D}.Release|x86.Build.0 = Release|Any CPU
		{1BAF830E-7134-4E78-9E97-CBF1D852517D}.Release64|Any CPU.ActiveCfg = Release|Any CPU
		{1BAF830E-7134-4E78-9E97-CBF1D852517D}.Release64|Any CPU.Build.0 = Release|Any CPU
		{1BAF830E-7134-4E78-9E97-CBF1D852517D}.Release64|Mixed Platforms.ActiveCfg = Release|Any CPU
		{1BAF830E-7134-4E78-9E97-CBF1D852517D}.Release64|Mixed Platforms.Build.0 = Release|Any CPU
		{1BAF830E-7134-4E78-9E97-CBF1D852517D}.Release64|x64.ActiveCfg = Release|Any CPU
		{1BAF830E-7134-4E78-9E97-CBF1D852517D}.Release64|x64.Build.0 = Release|Any CPU
		{1BAF830E-7134-4E78-9E97-CBF1D852517D}.Release64|x86.ActiveCfg = Release|Any CPU
		{1BAF830E-7134-4E78-9E97-CBF1D852517D}.Release64|x86.Build.0 = Release|Any CPU
		{80AC26EA-F04A-471D-8A5D-39C016EEE0BF}.Debug|Any CPU.ActiveCfg = Debug|Any CPU
		{80AC26EA-F04A-471D-8A5D-39C016EEE0BF}.Debug|Any CPU.Build.0 = Debug|Any CPU
		{80AC26EA-F04A-471D-8A5D-39C016EEE0BF}.Debug|Mixed Platforms.ActiveCfg = Debug|Any CPU
		{80AC26EA-F04A-471D-8A5D-39C016EEE0BF}.Debug|Mixed Platforms.Build.0 = Debug|Any CPU
		{80AC26EA-F04A-471D-8A5D-39C016EEE0BF}.Debug|x64.ActiveCfg = Debug|Any CPU
		{80AC26EA-F04A-471D-8A5D-39C016EEE0BF}.Debug|x64.Build.0 = Debug|Any CPU
		{80AC26EA-F04A-471D-8A5D-39C016EEE0BF}.Debug|x86.ActiveCfg = Debug|Any CPU
		{80AC26EA-F04A-471D-8A5D-39C016EEE0BF}.Debug|x86.Build.0 = Debug|Any CPU
		{80AC26EA-F04A-471D-8A5D-39C016EEE0BF}.Release|Any CPU.ActiveCfg = Release|Any CPU
		{80AC26EA-F04A-471D-8A5D-39C016EEE0BF}.Release|Any CPU.Build.0 = Release|Any CPU
		{80AC26EA-F04A-471D-8A5D-39C016EEE0BF}.Release|Mixed Platforms.ActiveCfg = Release|Any CPU
		{80AC26EA-F04A-471D-8A5D-39C016EEE0BF}.Release|Mixed Platforms.Build.0 = Release|Any CPU
		{80AC26EA-F04A-471D-8A5D-39C016EEE0BF}.Release|x64.ActiveCfg = Release|Any CPU
		{80AC26EA-F04A-471D-8A5D-39C016EEE0BF}.Release|x64.Build.0 = Release|Any CPU
		{80AC26EA-F04A-471D-8A5D-39C016EEE0BF}.Release|x86.ActiveCfg = Release|Any CPU
		{80AC26EA-F04A-471D-8A5D-39C016EEE0BF}.Release|x86.Build.0 = Release|Any CPU
		{80AC26EA-F04A-471D-8A5D-39C016EEE0BF}.Release64|Any CPU.ActiveCfg = Release|Any CPU
		{80AC26EA-F04A-471D-8A5D-39C016EEE0BF}.Release64|Any CPU.Build.0 = Release|Any CPU
		{80AC26EA-F04A-471D-8A5D-39C016EEE0BF}.Release64|Mixed Platforms.ActiveCfg = Release|Any CPU
		{80AC26EA-F04A-471D-8A5D-39C016EEE0BF}.Release64|Mixed Platforms.Build.0 = Release|Any CPU
		{80AC26EA-F04A-471D-8A5D-39C016EEE0BF}.Release64|x64.ActiveCfg = Release|Any CPU
		{80AC26EA-F04A-471D-8A5D-39C016EEE0BF}.Release64|x64.Build.0 = Release|Any CPU
		{80AC26EA-F04A-471D-8A5D-39C016EEE0BF}.Release64|x86.ActiveCfg = Release|Any CPU
		{80AC26EA-F04A-471D-8A5D-39C016EEE0BF}.Release64|x86.Build.0 = Release|Any CPU
	EndGlobalSection
	GlobalSection(SolutionProperties) = preSolution
		HideSolutionNode = FALSE
	EndGlobalSection
	GlobalSection(NestedProjects) = preSolution
		{5CEC65E3-8177-49A2-9C36-2E52EFD1518C} = {E895492D-A15B-4A1C-BFB8-C291792D4839}
		{227383AF-C512-4F99-8F79-A394F7B555D8} = {E895492D-A15B-4A1C-BFB8-C291792D4839}
		{828AAFF4-1D5C-4E00-B8C3-AC8E6E82CE2C} = {E895492D-A15B-4A1C-BFB8-C291792D4839}
		{C2F3EBE0-87E8-4A18-AEA0-224C59D0C373} = {1A78CA5B-288D-4F4D-9EC9-7E051AD20420}
		{1BAF830E-7134-4E78-9E97-CBF1D852517D} = {1A78CA5B-288D-4F4D-9EC9-7E051AD20420}
		{80AC26EA-F04A-471D-8A5D-39C016EEE0BF} = {1A78CA5B-288D-4F4D-9EC9-7E051AD20420}
	EndGlobalSection
	GlobalSection(ExtensibilityGlobals) = postSolution
		SolutionGuid = {92871533-EF58-4B2F-9B59-C08C7F61F11B}
	EndGlobalSection
EndGlobal
