
Microsoft Visual Studio Solution File, Format Version 12.00
# Visual Studio Version 17
VisualStudioVersion = 17.3.32825.248
MinimumVisualStudioVersion = 10.0.40219.1
Project("{2150E333-8FDC-42A3-9474-1A3956D46DE8}") = ".NET6", ".NET6", "{1A78CA5B-288D-4F4D-9EC9-7E051AD20420}"
EndProject
Project("{9A19103F-16F7-4668-BE54-9A1E7A4F7556}") = "DB.QStats.Std", "DB.QStats.Std\DB.QStats.Std.csproj", "{C2F3EBE0-87E8-4A18-AEA0-224C59D0C373}"
EndProject
Project("{9A19103F-16F7-4668-BE54-9A1E7A4F7556}") = "DB.QStats.PwrT", "DB.QStats.PwrT\DB.QStats.PwrT.csproj", "{1BAF830E-7134-4E78-9E97-CBF1D852517D}"
EndProject
Project("{9A19103F-16F7-4668-BE54-9A1E7A4F7556}") = "GigaHunt", "GigaHunt\GigaHunt.csproj", "{80AC26EA-F04A-471D-8A5D-39C016EEE0BF}"
EndProject
Project("{9A19103F-16F7-4668-BE54-9A1E7A4F7556}") = "Emailing.NET6", "Emailing.NET6\Emailing.NET6.csproj", "{45F8E3F4-E27B-49A1-B68D-3C13F41E0B3D}"
EndProject
Project("{9A19103F-16F7-4668-BE54-9A1E7A4F7556}") = "StandardLib", "..\..\..\AAV.Shared\Src\Net.CI\StandardLib\StandardLib.csproj", "{384B3550-9068-4EDF-A5BA-37E5D35DD8B9}"
EndProject
Project("{9A19103F-16F7-4668-BE54-9A1E7A4F7556}") = "WpfUserControlLib", "..\..\..\AAV.Shared\Src\Net.CI\WpfUserControlLib\WpfUserControlLib.csproj", "{55C21AD9-0148-4376-A9B8-B6A337315466}"
EndProject
Project("{9A19103F-16F7-4668-BE54-9A1E7A4F7556}") = "AmbienceLib", "..\..\..\AAV.Shared\Src\Net.CI\Ambience\AmbienceLib.csproj", "{9E450200-926E-4BF1-A21F-E99CD2135CA4}"
EndProject
Project("{9A19103F-16F7-4668-BE54-9A1E7A4F7556}") = "EfDbHelperLib", "..\..\..\AAV.Shared\Src\Net.CI\EfDbHelperLib\EfDbHelperLib.csproj", "{3F8114AD-6EDB-4FAA-B973-D2D9A0FEA68B}"
EndProject
Global
	GlobalSection(SolutionConfigurationPlatforms) = preSolution
		BldRls|Any CPU = BldRls|Any CPU
		BldRls|Mixed Platforms = BldRls|Mixed Platforms
		BldRls|x64 = BldRls|x64
		BldRls|x86 = BldRls|x86
		Debug|Any CPU = Debug|Any CPU
		Debug|Mixed Platforms = Debug|Mixed Platforms
		Debug|x64 = Debug|x64
		Debug|x86 = Debug|x86
		Release|Any CPU = Release|Any CPU
		Release|Mixed Platforms = Release|Mixed Platforms
		Release|x64 = Release|x64
		Release|x86 = Release|x86
		Release64|Any CPU = Release64|Any CPU
		Release64|Mixed Platforms = Release64|Mixed Platforms
		Release64|x64 = Release64|x64
		Release64|x86 = Release64|x86
	EndGlobalSection
	GlobalSection(ProjectConfigurationPlatforms) = postSolution
		{C2F3EBE0-87E8-4A18-AEA0-224C59D0C373}.BldRls|Any CPU.ActiveCfg = Release|Any CPU
		{C2F3EBE0-87E8-4A18-AEA0-224C59D0C373}.BldRls|Any CPU.Build.0 = Release|Any CPU
		{C2F3EBE0-87E8-4A18-AEA0-224C59D0C373}.BldRls|Mixed Platforms.ActiveCfg = Release|x64
		{C2F3EBE0-87E8-4A18-AEA0-224C59D0C373}.BldRls|Mixed Platforms.Build.0 = Release|x64
		{C2F3EBE0-87E8-4A18-AEA0-224C59D0C373}.BldRls|x64.ActiveCfg = Release|x64
		{C2F3EBE0-87E8-4A18-AEA0-224C59D0C373}.BldRls|x64.Build.0 = Release|x64
		{C2F3EBE0-87E8-4A18-AEA0-224C59D0C373}.BldRls|x86.ActiveCfg = Release|Any CPU
		{C2F3EBE0-87E8-4A18-AEA0-224C59D0C373}.BldRls|x86.Build.0 = Release|Any CPU
		{C2F3EBE0-87E8-4A18-AEA0-224C59D0C373}.Debug|Any CPU.ActiveCfg = Debug|Any CPU
		{C2F3EBE0-87E8-4A18-AEA0-224C59D0C373}.Debug|Any CPU.Build.0 = Debug|Any CPU
		{C2F3EBE0-87E8-4A18-AEA0-224C59D0C373}.Debug|Mixed Platforms.ActiveCfg = Debug|Any CPU
		{C2F3EBE0-87E8-4A18-AEA0-224C59D0C373}.Debug|Mixed Platforms.Build.0 = Debug|Any CPU
		{C2F3EBE0-87E8-4A18-AEA0-224C59D0C373}.Debug|x64.ActiveCfg = Debug|x64
		{C2F3EBE0-87E8-4A18-AEA0-224C59D0C373}.Debug|x64.Build.0 = Debug|x64
		{C2F3EBE0-87E8-4A18-AEA0-224C59D0C373}.Debug|x86.ActiveCfg = Debug|Any CPU
		{C2F3EBE0-87E8-4A18-AEA0-224C59D0C373}.Debug|x86.Build.0 = Debug|Any CPU
		{C2F3EBE0-87E8-4A18-AEA0-224C59D0C373}.Release|Any CPU.ActiveCfg = Release|Any CPU
		{C2F3EBE0-87E8-4A18-AEA0-224C59D0C373}.Release|Any CPU.Build.0 = Release|Any CPU
		{C2F3EBE0-87E8-4A18-AEA0-224C59D0C373}.Release|Mixed Platforms.ActiveCfg = Release|Any CPU
		{C2F3EBE0-87E8-4A18-AEA0-224C59D0C373}.Release|Mixed Platforms.Build.0 = Release|Any CPU
		{C2F3EBE0-87E8-4A18-AEA0-224C59D0C373}.Release|x64.ActiveCfg = Release|x64
		{C2F3EBE0-87E8-4A18-AEA0-224C59D0C373}.Release|x64.Build.0 = Release|x64
		{C2F3EBE0-87E8-4A18-AEA0-224C59D0C373}.Release|x86.ActiveCfg = Release|Any CPU
		{C2F3EBE0-87E8-4A18-AEA0-224C59D0C373}.Release|x86.Build.0 = Release|Any CPU
		{C2F3EBE0-87E8-4A18-AEA0-224C59D0C373}.Release64|Any CPU.ActiveCfg = Release|Any CPU
		{C2F3EBE0-87E8-4A18-AEA0-224C59D0C373}.Release64|Any CPU.Build.0 = Release|Any CPU
		{C2F3EBE0-87E8-4A18-AEA0-224C59D0C373}.Release64|Mixed Platforms.ActiveCfg = Release|Any CPU
		{C2F3EBE0-87E8-4A18-AEA0-224C59D0C373}.Release64|Mixed Platforms.Build.0 = Release|Any CPU
		{C2F3EBE0-87E8-4A18-AEA0-224C59D0C373}.Release64|x64.ActiveCfg = Release|Any CPU
		{C2F3EBE0-87E8-4A18-AEA0-224C59D0C373}.Release64|x64.Build.0 = Release|Any CPU
		{C2F3EBE0-87E8-4A18-AEA0-224C59D0C373}.Release64|x86.ActiveCfg = Release|Any CPU
		{C2F3EBE0-87E8-4A18-AEA0-224C59D0C373}.Release64|x86.Build.0 = Release|Any CPU
		{1BAF830E-7134-4E78-9E97-CBF1D852517D}.BldRls|Any CPU.ActiveCfg = Release|Any CPU
		{1BAF830E-7134-4E78-9E97-CBF1D852517D}.BldRls|Any CPU.Build.0 = Release|Any CPU
		{1BAF830E-7134-4E78-9E97-CBF1D852517D}.BldRls|Mixed Platforms.ActiveCfg = Release|x64
		{1BAF830E-7134-4E78-9E97-CBF1D852517D}.BldRls|Mixed Platforms.Build.0 = Release|x64
		{1BAF830E-7134-4E78-9E97-CBF1D852517D}.BldRls|x64.ActiveCfg = Release|x64
		{1BAF830E-7134-4E78-9E97-CBF1D852517D}.BldRls|x64.Build.0 = Release|x64
		{1BAF830E-7134-4E78-9E97-CBF1D852517D}.BldRls|x86.ActiveCfg = Release|Any CPU
		{1BAF830E-7134-4E78-9E97-CBF1D852517D}.BldRls|x86.Build.0 = Release|Any CPU
		{1BAF830E-7134-4E78-9E97-CBF1D852517D}.Debug|Any CPU.ActiveCfg = Debug|Any CPU
		{1BAF830E-7134-4E78-9E97-CBF1D852517D}.Debug|Any CPU.Build.0 = Debug|Any CPU
		{1BAF830E-7134-4E78-9E97-CBF1D852517D}.Debug|Mixed Platforms.ActiveCfg = Debug|Any CPU
		{1BAF830E-7134-4E78-9E97-CBF1D852517D}.Debug|Mixed Platforms.Build.0 = Debug|Any CPU
		{1BAF830E-7134-4E78-9E97-CBF1D852517D}.Debug|x64.ActiveCfg = Debug|x64
		{1BAF830E-7134-4E78-9E97-CBF1D852517D}.Debug|x64.Build.0 = Debug|x64
		{1BAF830E-7134-4E78-9E97-CBF1D852517D}.Debug|x86.ActiveCfg = Debug|Any CPU
		{1BAF830E-7134-4E78-9E97-CBF1D852517D}.Debug|x86.Build.0 = Debug|Any CPU
		{1BAF830E-7134-4E78-9E97-CBF1D852517D}.Release|Any CPU.ActiveCfg = Release|Any CPU
		{1BAF830E-7134-4E78-9E97-CBF1D852517D}.Release|Any CPU.Build.0 = Release|Any CPU
		{1BAF830E-7134-4E78-9E97-CBF1D852517D}.Release|Mixed Platforms.ActiveCfg = Release|Any CPU
		{1BAF830E-7134-4E78-9E97-CBF1D852517D}.Release|Mixed Platforms.Build.0 = Release|Any CPU
		{1BAF830E-7134-4E78-9E97-CBF1D852517D}.Release|x64.ActiveCfg = Release|x64
		{1BAF830E-7134-4E78-9E97-CBF1D852517D}.Release|x64.Build.0 = Release|x64
		{1BAF830E-7134-4E78-9E97-CBF1D852517D}.Release|x86.ActiveCfg = Release|Any CPU
		{1BAF830E-7134-4E78-9E97-CBF1D852517D}.Release|x86.Build.0 = Release|Any CPU
		{1BAF830E-7134-4E78-9E97-CBF1D852517D}.Release64|Any CPU.ActiveCfg = Release|Any CPU
		{1BAF830E-7134-4E78-9E97-CBF1D852517D}.Release64|Any CPU.Build.0 = Release|Any CPU
		{1BAF830E-7134-4E78-9E97-CBF1D852517D}.Release64|Mixed Platforms.ActiveCfg = Release|Any CPU
		{1BAF830E-7134-4E78-9E97-CBF1D852517D}.Release64|Mixed Platforms.Build.0 = Release|Any CPU
		{1BAF830E-7134-4E78-9E97-CBF1D852517D}.Release64|x64.ActiveCfg = Release|Any CPU
		{1BAF830E-7134-4E78-9E97-CBF1D852517D}.Release64|x64.Build.0 = Release|Any CPU
		{1BAF830E-7134-4E78-9E97-CBF1D852517D}.Release64|x86.ActiveCfg = Release|Any CPU
		{1BAF830E-7134-4E78-9E97-CBF1D852517D}.Release64|x86.Build.0 = Release|Any CPU
		{80AC26EA-F04A-471D-8A5D-39C016EEE0BF}.BldRls|Any CPU.ActiveCfg = Debug|Any CPU
		{80AC26EA-F04A-471D-8A5D-39C016EEE0BF}.BldRls|Any CPU.Build.0 = Debug|Any CPU
		{80AC26EA-F04A-471D-8A5D-39C016EEE0BF}.BldRls|Mixed Platforms.ActiveCfg = Debug|Any CPU
		{80AC26EA-F04A-471D-8A5D-39C016EEE0BF}.BldRls|Mixed Platforms.Build.0 = Debug|Any CPU
		{80AC26EA-F04A-471D-8A5D-39C016EEE0BF}.BldRls|x64.ActiveCfg = Debug|Any CPU
		{80AC26EA-F04A-471D-8A5D-39C016EEE0BF}.BldRls|x64.Build.0 = Debug|Any CPU
		{80AC26EA-F04A-471D-8A5D-39C016EEE0BF}.BldRls|x86.ActiveCfg = Debug|Any CPU
		{80AC26EA-F04A-471D-8A5D-39C016EEE0BF}.BldRls|x86.Build.0 = Debug|Any CPU
		{80AC26EA-F04A-471D-8A5D-39C016EEE0BF}.Debug|Any CPU.ActiveCfg = Debug|Any CPU
		{80AC26EA-F04A-471D-8A5D-39C016EEE0BF}.Debug|Any CPU.Build.0 = Debug|Any CPU
		{80AC26EA-F04A-471D-8A5D-39C016EEE0BF}.Debug|Mixed Platforms.ActiveCfg = Debug|Any CPU
		{80AC26EA-F04A-471D-8A5D-39C016EEE0BF}.Debug|Mixed Platforms.Build.0 = Debug|Any CPU
		{80AC26EA-F04A-471D-8A5D-39C016EEE0BF}.Debug|x64.ActiveCfg = Debug|x64
		{80AC26EA-F04A-471D-8A5D-39C016EEE0BF}.Debug|x64.Build.0 = Debug|x64
		{80AC26EA-F04A-471D-8A5D-39C016EEE0BF}.Debug|x86.ActiveCfg = Debug|Any CPU
		{80AC26EA-F04A-471D-8A5D-39C016EEE0BF}.Debug|x86.Build.0 = Debug|Any CPU
		{80AC26EA-F04A-471D-8A5D-39C016EEE0BF}.Release|Any CPU.ActiveCfg = Release|Any CPU
		{80AC26EA-F04A-471D-8A5D-39C016EEE0BF}.Release|Any CPU.Build.0 = Release|Any CPU
		{80AC26EA-F04A-471D-8A5D-39C016EEE0BF}.Release|Mixed Platforms.ActiveCfg = Release|Any CPU
		{80AC26EA-F04A-471D-8A5D-39C016EEE0BF}.Release|Mixed Platforms.Build.0 = Release|Any CPU
		{80AC26EA-F04A-471D-8A5D-39C016EEE0BF}.Release|x64.ActiveCfg = Release|x64
		{80AC26EA-F04A-471D-8A5D-39C016EEE0BF}.Release|x64.Build.0 = Release|x64
		{80AC26EA-F04A-471D-8A5D-39C016EEE0BF}.Release|x86.ActiveCfg = Release|Any CPU
		{80AC26EA-F04A-471D-8A5D-39C016EEE0BF}.Release|x86.Build.0 = Release|Any CPU
		{80AC26EA-F04A-471D-8A5D-39C016EEE0BF}.Release64|Any CPU.ActiveCfg = Release|Any CPU
		{80AC26EA-F04A-471D-8A5D-39C016EEE0BF}.Release64|Any CPU.Build.0 = Release|Any CPU
		{80AC26EA-F04A-471D-8A5D-39C016EEE0BF}.Release64|Mixed Platforms.ActiveCfg = Release|Any CPU
		{80AC26EA-F04A-471D-8A5D-39C016EEE0BF}.Release64|Mixed Platforms.Build.0 = Release|Any CPU
		{80AC26EA-F04A-471D-8A5D-39C016EEE0BF}.Release64|x64.ActiveCfg = Release|Any CPU
		{80AC26EA-F04A-471D-8A5D-39C016EEE0BF}.Release64|x64.Build.0 = Release|Any CPU
		{80AC26EA-F04A-471D-8A5D-39C016EEE0BF}.Release64|x86.ActiveCfg = Release|Any CPU
		{80AC26EA-F04A-471D-8A5D-39C016EEE0BF}.Release64|x86.Build.0 = Release|Any CPU
		{45F8E3F4-E27B-49A1-B68D-3C13F41E0B3D}.BldRls|Any CPU.ActiveCfg = Debug|Any CPU
		{45F8E3F4-E27B-49A1-B68D-3C13F41E0B3D}.BldRls|Any CPU.Build.0 = Debug|Any CPU
		{45F8E3F4-E27B-49A1-B68D-3C13F41E0B3D}.BldRls|Mixed Platforms.ActiveCfg = Debug|Any CPU
		{45F8E3F4-E27B-49A1-B68D-3C13F41E0B3D}.BldRls|Mixed Platforms.Build.0 = Debug|Any CPU
		{45F8E3F4-E27B-49A1-B68D-3C13F41E0B3D}.BldRls|x64.ActiveCfg = Debug|Any CPU
		{45F8E3F4-E27B-49A1-B68D-3C13F41E0B3D}.BldRls|x64.Build.0 = Debug|Any CPU
		{45F8E3F4-E27B-49A1-B68D-3C13F41E0B3D}.BldRls|x86.ActiveCfg = Debug|Any CPU
		{45F8E3F4-E27B-49A1-B68D-3C13F41E0B3D}.BldRls|x86.Build.0 = Debug|Any CPU
		{45F8E3F4-E27B-49A1-B68D-3C13F41E0B3D}.Debug|Any CPU.ActiveCfg = Debug|Any CPU
		{45F8E3F4-E27B-49A1-B68D-3C13F41E0B3D}.Debug|Any CPU.Build.0 = Debug|Any CPU
		{45F8E3F4-E27B-49A1-B68D-3C13F41E0B3D}.Debug|Mixed Platforms.ActiveCfg = Debug|Any CPU
		{45F8E3F4-E27B-49A1-B68D-3C13F41E0B3D}.Debug|Mixed Platforms.Build.0 = Debug|Any CPU
		{45F8E3F4-E27B-49A1-B68D-3C13F41E0B3D}.Debug|x64.ActiveCfg = Debug|x64
		{45F8E3F4-E27B-49A1-B68D-3C13F41E0B3D}.Debug|x64.Build.0 = Debug|x64
		{45F8E3F4-E27B-49A1-B68D-3C13F41E0B3D}.Debug|x86.ActiveCfg = Debug|Any CPU
		{45F8E3F4-E27B-49A1-B68D-3C13F41E0B3D}.Debug|x86.Build.0 = Debug|Any CPU
		{45F8E3F4-E27B-49A1-B68D-3C13F41E0B3D}.Release|Any CPU.ActiveCfg = Release|Any CPU
		{45F8E3F4-E27B-49A1-B68D-3C13F41E0B3D}.Release|Any CPU.Build.0 = Release|Any CPU
		{45F8E3F4-E27B-49A1-B68D-3C13F41E0B3D}.Release|Mixed Platforms.ActiveCfg = Release|Any CPU
		{45F8E3F4-E27B-49A1-B68D-3C13F41E0B3D}.Release|Mixed Platforms.Build.0 = Release|Any CPU
		{45F8E3F4-E27B-49A1-B68D-3C13F41E0B3D}.Release|x64.ActiveCfg = Release|x64
		{45F8E3F4-E27B-49A1-B68D-3C13F41E0B3D}.Release|x64.Build.0 = Release|x64
		{45F8E3F4-E27B-49A1-B68D-3C13F41E0B3D}.Release|x86.ActiveCfg = Release|Any CPU
		{45F8E3F4-E27B-49A1-B68D-3C13F41E0B3D}.Release|x86.Build.0 = Release|Any CPU
		{45F8E3F4-E27B-49A1-B68D-3C13F41E0B3D}.Release64|Any CPU.ActiveCfg = Release|Any CPU
		{45F8E3F4-E27B-49A1-B68D-3C13F41E0B3D}.Release64|Any CPU.Build.0 = Release|Any CPU
		{45F8E3F4-E27B-49A1-B68D-3C13F41E0B3D}.Release64|Mixed Platforms.ActiveCfg = Release|Any CPU
		{45F8E3F4-E27B-49A1-B68D-3C13F41E0B3D}.Release64|Mixed Platforms.Build.0 = Release|Any CPU
		{45F8E3F4-E27B-49A1-B68D-3C13F41E0B3D}.Release64|x64.ActiveCfg = Release|Any CPU
		{45F8E3F4-E27B-49A1-B68D-3C13F41E0B3D}.Release64|x64.Build.0 = Release|Any CPU
		{45F8E3F4-E27B-49A1-B68D-3C13F41E0B3D}.Release64|x86.ActiveCfg = Release|Any CPU
		{45F8E3F4-E27B-49A1-B68D-3C13F41E0B3D}.Release64|x86.Build.0 = Release|Any CPU
		{384B3550-9068-4EDF-A5BA-37E5D35DD8B9}.BldRls|Any CPU.ActiveCfg = Debug|Any CPU
		{384B3550-9068-4EDF-A5BA-37E5D35DD8B9}.BldRls|Any CPU.Build.0 = Debug|Any CPU
		{384B3550-9068-4EDF-A5BA-37E5D35DD8B9}.BldRls|Mixed Platforms.ActiveCfg = Debug|Any CPU
		{384B3550-9068-4EDF-A5BA-37E5D35DD8B9}.BldRls|Mixed Platforms.Build.0 = Debug|Any CPU
		{384B3550-9068-4EDF-A5BA-37E5D35DD8B9}.BldRls|x64.ActiveCfg = Debug|Any CPU
		{384B3550-9068-4EDF-A5BA-37E5D35DD8B9}.BldRls|x64.Build.0 = Debug|Any CPU
		{384B3550-9068-4EDF-A5BA-37E5D35DD8B9}.BldRls|x86.ActiveCfg = Debug|Any CPU
		{384B3550-9068-4EDF-A5BA-37E5D35DD8B9}.BldRls|x86.Build.0 = Debug|Any CPU
		{384B3550-9068-4EDF-A5BA-37E5D35DD8B9}.Debug|Any CPU.ActiveCfg = Debug|Any CPU
		{384B3550-9068-4EDF-A5BA-37E5D35DD8B9}.Debug|Any CPU.Build.0 = Debug|Any CPU
		{384B3550-9068-4EDF-A5BA-37E5D35DD8B9}.Debug|Mixed Platforms.ActiveCfg = Debug|Any CPU
		{384B3550-9068-4EDF-A5BA-37E5D35DD8B9}.Debug|Mixed Platforms.Build.0 = Debug|Any CPU
		{384B3550-9068-4EDF-A5BA-37E5D35DD8B9}.Debug|x64.ActiveCfg = Debug|x64
		{384B3550-9068-4EDF-A5BA-37E5D35DD8B9}.Debug|x64.Build.0 = Debug|x64
		{384B3550-9068-4EDF-A5BA-37E5D35DD8B9}.Debug|x86.ActiveCfg = Debug|Any CPU
		{384B3550-9068-4EDF-A5BA-37E5D35DD8B9}.Debug|x86.Build.0 = Debug|Any CPU
		{384B3550-9068-4EDF-A5BA-37E5D35DD8B9}.Release|Any CPU.ActiveCfg = Release|Any CPU
		{384B3550-9068-4EDF-A5BA-37E5D35DD8B9}.Release|Any CPU.Build.0 = Release|Any CPU
		{384B3550-9068-4EDF-A5BA-37E5D35DD8B9}.Release|Mixed Platforms.ActiveCfg = Release|Any CPU
		{384B3550-9068-4EDF-A5BA-37E5D35DD8B9}.Release|Mixed Platforms.Build.0 = Release|Any CPU
		{384B3550-9068-4EDF-A5BA-37E5D35DD8B9}.Release|x64.ActiveCfg = Release|x64
		{384B3550-9068-4EDF-A5BA-37E5D35DD8B9}.Release|x64.Build.0 = Release|x64
		{384B3550-9068-4EDF-A5BA-37E5D35DD8B9}.Release|x86.ActiveCfg = Release|Any CPU
		{384B3550-9068-4EDF-A5BA-37E5D35DD8B9}.Release|x86.Build.0 = Release|Any CPU
		{384B3550-9068-4EDF-A5BA-37E5D35DD8B9}.Release64|Any CPU.ActiveCfg = Release|Any CPU
		{384B3550-9068-4EDF-A5BA-37E5D35DD8B9}.Release64|Any CPU.Build.0 = Release|Any CPU
		{384B3550-9068-4EDF-A5BA-37E5D35DD8B9}.Release64|Mixed Platforms.ActiveCfg = Release|Any CPU
		{384B3550-9068-4EDF-A5BA-37E5D35DD8B9}.Release64|Mixed Platforms.Build.0 = Release|Any CPU
		{384B3550-9068-4EDF-A5BA-37E5D35DD8B9}.Release64|x64.ActiveCfg = Release|Any CPU
		{384B3550-9068-4EDF-A5BA-37E5D35DD8B9}.Release64|x64.Build.0 = Release|Any CPU
		{384B3550-9068-4EDF-A5BA-37E5D35DD8B9}.Release64|x86.ActiveCfg = Release|Any CPU
		{384B3550-9068-4EDF-A5BA-37E5D35DD8B9}.Release64|x86.Build.0 = Release|Any CPU
		{55C21AD9-0148-4376-A9B8-B6A337315466}.BldRls|Any CPU.ActiveCfg = Debug|Any CPU
		{55C21AD9-0148-4376-A9B8-B6A337315466}.BldRls|Any CPU.Build.0 = Debug|Any CPU
		{55C21AD9-0148-4376-A9B8-B6A337315466}.BldRls|Mixed Platforms.ActiveCfg = Debug|Any CPU
		{55C21AD9-0148-4376-A9B8-B6A337315466}.BldRls|Mixed Platforms.Build.0 = Debug|Any CPU
		{55C21AD9-0148-4376-A9B8-B6A337315466}.BldRls|x64.ActiveCfg = Debug|Any CPU
		{55C21AD9-0148-4376-A9B8-B6A337315466}.BldRls|x64.Build.0 = Debug|Any CPU
		{55C21AD9-0148-4376-A9B8-B6A337315466}.BldRls|x86.ActiveCfg = Debug|Any CPU
		{55C21AD9-0148-4376-A9B8-B6A337315466}.BldRls|x86.Build.0 = Debug|Any CPU
		{55C21AD9-0148-4376-A9B8-B6A337315466}.Debug|Any CPU.ActiveCfg = Debug|Any CPU
		{55C21AD9-0148-4376-A9B8-B6A337315466}.Debug|Any CPU.Build.0 = Debug|Any CPU
		{55C21AD9-0148-4376-A9B8-B6A337315466}.Debug|Mixed Platforms.ActiveCfg = Debug|Any CPU
		{55C21AD9-0148-4376-A9B8-B6A337315466}.Debug|Mixed Platforms.Build.0 = Debug|Any CPU
		{55C21AD9-0148-4376-A9B8-B6A337315466}.Debug|x64.ActiveCfg = Debug|x64
		{55C21AD9-0148-4376-A9B8-B6A337315466}.Debug|x64.Build.0 = Debug|x64
		{55C21AD9-0148-4376-A9B8-B6A337315466}.Debug|x86.ActiveCfg = Debug|Any CPU
		{55C21AD9-0148-4376-A9B8-B6A337315466}.Debug|x86.Build.0 = Debug|Any CPU
		{55C21AD9-0148-4376-A9B8-B6A337315466}.Release|Any CPU.ActiveCfg = Release|Any CPU
		{55C21AD9-0148-4376-A9B8-B6A337315466}.Release|Any CPU.Build.0 = Release|Any CPU
		{55C21AD9-0148-4376-A9B8-B6A337315466}.Release|Mixed Platforms.ActiveCfg = Release|Any CPU
		{55C21AD9-0148-4376-A9B8-B6A337315466}.Release|Mixed Platforms.Build.0 = Release|Any CPU
		{55C21AD9-0148-4376-A9B8-B6A337315466}.Release|x64.ActiveCfg = Release|x64
		{55C21AD9-0148-4376-A9B8-B6A337315466}.Release|x64.Build.0 = Release|x64
		{55C21AD9-0148-4376-A9B8-B6A337315466}.Release|x86.ActiveCfg = Release|Any CPU
		{55C21AD9-0148-4376-A9B8-B6A337315466}.Release|x86.Build.0 = Release|Any CPU
		{55C21AD9-0148-4376-A9B8-B6A337315466}.Release64|Any CPU.ActiveCfg = Release|Any CPU
		{55C21AD9-0148-4376-A9B8-B6A337315466}.Release64|Any CPU.Build.0 = Release|Any CPU
		{55C21AD9-0148-4376-A9B8-B6A337315466}.Release64|Mixed Platforms.ActiveCfg = Release|Any CPU
		{55C21AD9-0148-4376-A9B8-B6A337315466}.Release64|Mixed Platforms.Build.0 = Release|Any CPU
		{55C21AD9-0148-4376-A9B8-B6A337315466}.Release64|x64.ActiveCfg = Release|Any CPU
		{55C21AD9-0148-4376-A9B8-B6A337315466}.Release64|x64.Build.0 = Release|Any CPU
		{55C21AD9-0148-4376-A9B8-B6A337315466}.Release64|x86.ActiveCfg = Release|Any CPU
		{55C21AD9-0148-4376-A9B8-B6A337315466}.Release64|x86.Build.0 = Release|Any CPU
		{9E450200-926E-4BF1-A21F-E99CD2135CA4}.BldRls|Any CPU.ActiveCfg = Debug|Any CPU
		{9E450200-926E-4BF1-A21F-E99CD2135CA4}.BldRls|Any CPU.Build.0 = Debug|Any CPU
		{9E450200-926E-4BF1-A21F-E99CD2135CA4}.BldRls|Mixed Platforms.ActiveCfg = Debug|Any CPU
		{9E450200-926E-4BF1-A21F-E99CD2135CA4}.BldRls|Mixed Platforms.Build.0 = Debug|Any CPU
		{9E450200-926E-4BF1-A21F-E99CD2135CA4}.BldRls|x64.ActiveCfg = Debug|Any CPU
		{9E450200-926E-4BF1-A21F-E99CD2135CA4}.BldRls|x64.Build.0 = Debug|Any CPU
		{9E450200-926E-4BF1-A21F-E99CD2135CA4}.BldRls|x86.ActiveCfg = Debug|Any CPU
		{9E450200-926E-4BF1-A21F-E99CD2135CA4}.BldRls|x86.Build.0 = Debug|Any CPU
		{9E450200-926E-4BF1-A21F-E99CD2135CA4}.Debug|Any CPU.ActiveCfg = Debug|Any CPU
		{9E450200-926E-4BF1-A21F-E99CD2135CA4}.Debug|Any CPU.Build.0 = Debug|Any CPU
		{9E450200-926E-4BF1-A21F-E99CD2135CA4}.Debug|Mixed Platforms.ActiveCfg = Debug|Any CPU
		{9E450200-926E-4BF1-A21F-E99CD2135CA4}.Debug|Mixed Platforms.Build.0 = Debug|Any CPU
		{9E450200-926E-4BF1-A21F-E99CD2135CA4}.Debug|x64.ActiveCfg = Debug|x64
		{9E450200-926E-4BF1-A21F-E99CD2135CA4}.Debug|x64.Build.0 = Debug|x64
		{9E450200-926E-4BF1-A21F-E99CD2135CA4}.Debug|x86.ActiveCfg = Debug|Any CPU
		{9E450200-926E-4BF1-A21F-E99CD2135CA4}.Debug|x86.Build.0 = Debug|Any CPU
		{9E450200-926E-4BF1-A21F-E99CD2135CA4}.Release|Any CPU.ActiveCfg = Release|Any CPU
		{9E450200-926E-4BF1-A21F-E99CD2135CA4}.Release|Any CPU.Build.0 = Release|Any CPU
		{9E450200-926E-4BF1-A21F-E99CD2135CA4}.Release|Mixed Platforms.ActiveCfg = Release|Any CPU
		{9E450200-926E-4BF1-A21F-E99CD2135CA4}.Release|Mixed Platforms.Build.0 = Release|Any CPU
		{9E450200-926E-4BF1-A21F-E99CD2135CA4}.Release|x64.ActiveCfg = Release|x64
		{9E450200-926E-4BF1-A21F-E99CD2135CA4}.Release|x64.Build.0 = Release|x64
		{9E450200-926E-4BF1-A21F-E99CD2135CA4}.Release|x86.ActiveCfg = Release|Any CPU
		{9E450200-926E-4BF1-A21F-E99CD2135CA4}.Release|x86.Build.0 = Release|Any CPU
		{9E450200-926E-4BF1-A21F-E99CD2135CA4}.Release64|Any CPU.ActiveCfg = Release|Any CPU
		{9E450200-926E-4BF1-A21F-E99CD2135CA4}.Release64|Any CPU.Build.0 = Release|Any CPU
		{9E450200-926E-4BF1-A21F-E99CD2135CA4}.Release64|Mixed Platforms.ActiveCfg = Release|Any CPU
		{9E450200-926E-4BF1-A21F-E99CD2135CA4}.Release64|Mixed Platforms.Build.0 = Release|Any CPU
		{9E450200-926E-4BF1-A21F-E99CD2135CA4}.Release64|x64.ActiveCfg = Release|Any CPU
		{9E450200-926E-4BF1-A21F-E99CD2135CA4}.Release64|x64.Build.0 = Release|Any CPU
		{9E450200-926E-4BF1-A21F-E99CD2135CA4}.Release64|x86.ActiveCfg = Release|Any CPU
		{9E450200-926E-4BF1-A21F-E99CD2135CA4}.Release64|x86.Build.0 = Release|Any CPU
		{3F8114AD-6EDB-4FAA-B973-D2D9A0FEA68B}.BldRls|Any CPU.ActiveCfg = Debug|Any CPU
		{3F8114AD-6EDB-4FAA-B973-D2D9A0FEA68B}.BldRls|Any CPU.Build.0 = Debug|Any CPU
		{3F8114AD-6EDB-4FAA-B973-D2D9A0FEA68B}.BldRls|Mixed Platforms.ActiveCfg = Debug|x64
		{3F8114AD-6EDB-4FAA-B973-D2D9A0FEA68B}.BldRls|Mixed Platforms.Build.0 = Debug|x64
		{3F8114AD-6EDB-4FAA-B973-D2D9A0FEA68B}.BldRls|x64.ActiveCfg = Debug|x64
		{3F8114AD-6EDB-4FAA-B973-D2D9A0FEA68B}.BldRls|x64.Build.0 = Debug|x64
		{3F8114AD-6EDB-4FAA-B973-D2D9A0FEA68B}.BldRls|x86.ActiveCfg = Debug|x86
		{3F8114AD-6EDB-4FAA-B973-D2D9A0FEA68B}.BldRls|x86.Build.0 = Debug|x86
		{3F8114AD-6EDB-4FAA-B973-D2D9A0FEA68B}.Debug|Any CPU.ActiveCfg = Debug|Any CPU
		{3F8114AD-6EDB-4FAA-B973-D2D9A0FEA68B}.Debug|Any CPU.Build.0 = Debug|Any CPU
		{3F8114AD-6EDB-4FAA-B973-D2D9A0FEA68B}.Debug|Mixed Platforms.ActiveCfg = Debug|x64
		{3F8114AD-6EDB-4FAA-B973-D2D9A0FEA68B}.Debug|Mixed Platforms.Build.0 = Debug|x64
		{3F8114AD-6EDB-4FAA-B973-D2D9A0FEA68B}.Debug|x64.ActiveCfg = Debug|x64
		{3F8114AD-6EDB-4FAA-B973-D2D9A0FEA68B}.Debug|x64.Build.0 = Debug|x64
		{3F8114AD-6EDB-4FAA-B973-D2D9A0FEA68B}.Debug|x86.ActiveCfg = Debug|x86
		{3F8114AD-6EDB-4FAA-B973-D2D9A0FEA68B}.Debug|x86.Build.0 = Debug|x86
		{3F8114AD-6EDB-4FAA-B973-D2D9A0FEA68B}.Release|Any CPU.ActiveCfg = Release|Any CPU
		{3F8114AD-6EDB-4FAA-B973-D2D9A0FEA68B}.Release|Any CPU.Build.0 = Release|Any CPU
		{3F8114AD-6EDB-4FAA-B973-D2D9A0FEA68B}.Release|Mixed Platforms.ActiveCfg = Release|x64
		{3F8114AD-6EDB-4FAA-B973-D2D9A0FEA68B}.Release|Mixed Platforms.Build.0 = Release|x64
		{3F8114AD-6EDB-4FAA-B973-D2D9A0FEA68B}.Release|x64.ActiveCfg = Release|x64
		{3F8114AD-6EDB-4FAA-B973-D2D9A0FEA68B}.Release|x64.Build.0 = Release|x64
		{3F8114AD-6EDB-4FAA-B973-D2D9A0FEA68B}.Release|x86.ActiveCfg = Release|x86
		{3F8114AD-6EDB-4FAA-B973-D2D9A0FEA68B}.Release|x86.Build.0 = Release|x86
		{3F8114AD-6EDB-4FAA-B973-D2D9A0FEA68B}.Release64|Any CPU.ActiveCfg = Release|Any CPU
		{3F8114AD-6EDB-4FAA-B973-D2D9A0FEA68B}.Release64|Any CPU.Build.0 = Release|Any CPU
		{3F8114AD-6EDB-4FAA-B973-D2D9A0FEA68B}.Release64|Mixed Platforms.ActiveCfg = Release|x64
		{3F8114AD-6EDB-4FAA-B973-D2D9A0FEA68B}.Release64|Mixed Platforms.Build.0 = Release|x64
		{3F8114AD-6EDB-4FAA-B973-D2D9A0FEA68B}.Release64|x64.ActiveCfg = Release|x64
		{3F8114AD-6EDB-4FAA-B973-D2D9A0FEA68B}.Release64|x64.Build.0 = Release|x64
		{3F8114AD-6EDB-4FAA-B973-D2D9A0FEA68B}.Release64|x86.ActiveCfg = Release|x86
		{3F8114AD-6EDB-4FAA-B973-D2D9A0FEA68B}.Release64|x86.Build.0 = Release|x86
	EndGlobalSection
	GlobalSection(SolutionProperties) = preSolution
		HideSolutionNode = FALSE
	EndGlobalSection
	GlobalSection(NestedProjects) = preSolution
		{C2F3EBE0-87E8-4A18-AEA0-224C59D0C373} = {1A78CA5B-288D-4F4D-9EC9-7E051AD20420}
		{1BAF830E-7134-4E78-9E97-CBF1D852517D} = {1A78CA5B-288D-4F4D-9EC9-7E051AD20420}
		{80AC26EA-F04A-471D-8A5D-39C016EEE0BF} = {1A78CA5B-288D-4F4D-9EC9-7E051AD20420}
		{45F8E3F4-E27B-49A1-B68D-3C13F41E0B3D} = {1A78CA5B-288D-4F4D-9EC9-7E051AD20420}
		{384B3550-9068-4EDF-A5BA-37E5D35DD8B9} = {1A78CA5B-288D-4F4D-9EC9-7E051AD20420}
		{55C21AD9-0148-4376-A9B8-B6A337315466} = {1A78CA5B-288D-4F4D-9EC9-7E051AD20420}
		{9E450200-926E-4BF1-A21F-E99CD2135CA4} = {1A78CA5B-288D-4F4D-9EC9-7E051AD20420}
		{3F8114AD-6EDB-4FAA-B973-D2D9A0FEA68B} = {1A78CA5B-288D-4F4D-9EC9-7E051AD20420}
	EndGlobalSection
	GlobalSection(ExtensibilityGlobals) = postSolution
		SolutionGuid = {92871533-EF58-4B2F-9B59-C08C7F61F11B}
	EndGlobalSection
EndGlobal
